
Microsoft Visual Studio Solution File, Format Version 12.00
# Visual Studio Version 16
VisualStudioVersion = 16.0.31129.286
MinimumVisualStudioVersion = 10.0.40219.1
Project("{FAE04EC0-301F-11D3-BF4B-00C04F79EFBC}") = "HonestSign", "HonestSign.csproj", "{16707D4B-07ED-4C3D-9B19-0BA25D2CF81C}"
EndProject
Global
	GlobalSection(SolutionConfigurationPlatforms) = preSolution
		Debug|Any CPU = Debug|Any CPU
		Release|Any CPU = Release|Any CPU
	EndGlobalSection
	GlobalSection(ProjectConfigurationPlatforms) = postSolution
		{16707D4B-07ED-4C3D-9B19-0BA25D2CF81C}.Debug|Any CPU.ActiveCfg = Debug|Any CPU
		{16707D4B-07ED-4C3D-9B19-0BA25D2CF81C}.Debug|Any CPU.Build.0 = Debug|Any CPU
		{16707D4B-07ED-4C3D-9B19-0BA25D2CF81C}.Release|Any CPU.ActiveCfg = Release|Any CPU
		{16707D4B-07ED-4C3D-9B19-0BA25D2CF81C}.Release|Any CPU.Build.0 = Release|Any CPU
	EndGlobalSection
	GlobalSection(SolutionProperties) = preSolution
		HideSolutionNode = FALSE
	EndGlobalSection
	GlobalSection(ExtensibilityGlobals) = postSolution
		SolutionGuid = {95D0E514-85B7-4FF7-8DFE-D1D83BF815DC}
	EndGlobalSection
EndGlobal
